
Microsoft Visual Studio Solution File, Format Version 12.00
# Visual Studio 15
VisualStudioVersion = 15.0.28010.2041
MinimumVisualStudioVersion = 10.0.40219.1
Project("{9A19103F-16F7-4668-BE54-9A1E7A4F7556}") = "Eshava.Core", "Eshava.Core\Eshava.Core.csproj", "{CF242659-86E2-479E-B1F0-6F34D1FBE86F}"
EndProject
Project("{9A19103F-16F7-4668-BE54-9A1E7A4F7556}") = "Eshava.Core.Validation", "Eshava.Core.Validation\Eshava.Core.Validation.csproj", "{354D32B8-16C2-44B7-A8F8-9B53B51E38CD}"
EndProject
Project("{9A19103F-16F7-4668-BE54-9A1E7A4F7556}") = "Eshava.Test", "Eshava.Test\Eshava.Test.csproj", "{DF7E4999-03C7-4508-B76A-DEEFF009E635}"
EndProject
Project("{9A19103F-16F7-4668-BE54-9A1E7A4F7556}") = "Eshava.Core.Linq", "Eshava.Core.Linq\Eshava.Core.Linq.csproj", "{53FBC40D-200E-401A-BA37-265292B77CAC}"
EndProject
Project("{FAE04EC0-301F-11D3-BF4B-00C04F79EFBC}") = "Eshava.Core.IO", "Eshava.Core.IO\Eshava.Core.IO.csproj", "{F0827D6F-4C5D-4506-9ECF-337990F51056}"
EndProject
Global
	GlobalSection(SolutionConfigurationPlatforms) = preSolution
		Debug|Any CPU = Debug|Any CPU
		Release|Any CPU = Release|Any CPU
	EndGlobalSection
	GlobalSection(ProjectConfigurationPlatforms) = postSolution
		{CF242659-86E2-479E-B1F0-6F34D1FBE86F}.Debug|Any CPU.ActiveCfg = Debug|Any CPU
		{CF242659-86E2-479E-B1F0-6F34D1FBE86F}.Debug|Any CPU.Build.0 = Debug|Any CPU
		{CF242659-86E2-479E-B1F0-6F34D1FBE86F}.Release|Any CPU.ActiveCfg = Release|Any CPU
		{CF242659-86E2-479E-B1F0-6F34D1FBE86F}.Release|Any CPU.Build.0 = Release|Any CPU
		{354D32B8-16C2-44B7-A8F8-9B53B51E38CD}.Debug|Any CPU.ActiveCfg = Debug|Any CPU
		{354D32B8-16C2-44B7-A8F8-9B53B51E38CD}.Debug|Any CPU.Build.0 = Debug|Any CPU
		{354D32B8-16C2-44B7-A8F8-9B53B51E38CD}.Release|Any CPU.ActiveCfg = Release|Any CPU
		{354D32B8-16C2-44B7-A8F8-9B53B51E38CD}.Release|Any CPU.Build.0 = Release|Any CPU
		{DF7E4999-03C7-4508-B76A-DEEFF009E635}.Debug|Any CPU.ActiveCfg = Debug|Any CPU
		{DF7E4999-03C7-4508-B76A-DEEFF009E635}.Debug|Any CPU.Build.0 = Debug|Any CPU
		{DF7E4999-03C7-4508-B76A-DEEFF009E635}.Release|Any CPU.ActiveCfg = Release|Any CPU
		{DF7E4999-03C7-4508-B76A-DEEFF009E635}.Release|Any CPU.Build.0 = Release|Any CPU
		{53FBC40D-200E-401A-BA37-265292B77CAC}.Debug|Any CPU.ActiveCfg = Debug|Any CPU
		{53FBC40D-200E-401A-BA37-265292B77CAC}.Debug|Any CPU.Build.0 = Debug|Any CPU
		{53FBC40D-200E-401A-BA37-265292B77CAC}.Release|Any CPU.ActiveCfg = Release|Any CPU
		{53FBC40D-200E-401A-BA37-265292B77CAC}.Release|Any CPU.Build.0 = Release|Any CPU
		{F0827D6F-4C5D-4506-9ECF-337990F51056}.Debug|Any CPU.ActiveCfg = Debug|Any CPU
		{F0827D6F-4C5D-4506-9ECF-337990F51056}.Debug|Any CPU.Build.0 = Debug|Any CPU
		{F0827D6F-4C5D-4506-9ECF-337990F51056}.Release|Any CPU.ActiveCfg = Release|Any CPU
		{F0827D6F-4C5D-4506-9ECF-337990F51056}.Release|Any CPU.Build.0 = Release|Any CPU
	EndGlobalSection
	GlobalSection(SolutionProperties) = preSolution
		HideSolutionNode = FALSE
	EndGlobalSection
	GlobalSection(ExtensibilityGlobals) = postSolution
		SolutionGuid = {F19A2579-903E-46D0-97F2-41BA2A7B9A37}
	EndGlobalSection
EndGlobal
