
Microsoft Visual Studio Solution File, Format Version 12.00
# Visual Studio Version 17
VisualStudioVersion = 17.3.32929.385
MinimumVisualStudioVersion = 10.0.40219.1
Project("{9A19103F-16F7-4668-BE54-9A1E7A4F7556}") = "Eshava.Core", "Eshava.Core\Eshava.Core.csproj", "{CF242659-86E2-479E-B1F0-6F34D1FBE86F}"
EndProject
Project("{9A19103F-16F7-4668-BE54-9A1E7A4F7556}") = "Eshava.Core.Validation", "Eshava.Core.Validation\Eshava.Core.Validation.csproj", "{354D32B8-16C2-44B7-A8F8-9B53B51E38CD}"
EndProject
Project("{9A19103F-16F7-4668-BE54-9A1E7A4F7556}") = "Eshava.Core.Linq", "Eshava.Core.Linq\Eshava.Core.Linq.csproj", "{53FBC40D-200E-401A-BA37-265292B77CAC}"
EndProject
Project("{9A19103F-16F7-4668-BE54-9A1E7A4F7556}") = "Eshava.Core.IO", "Eshava.Core.IO\Eshava.Core.IO.csproj", "{F0827D6F-4C5D-4506-9ECF-337990F51056}"
EndProject
Project("{9A19103F-16F7-4668-BE54-9A1E7A4F7556}") = "Eshava.Core.Security", "Eshava.Core.Security\Eshava.Core.Security.csproj", "{43EF304A-654E-406C-895F-29560C1B9F12}"
EndProject
Project("{9A19103F-16F7-4668-BE54-9A1E7A4F7556}") = "Eshava.Core.Communication", "Eshava.Core.Communication\Eshava.Core.Communication.csproj", "{4BFC7BEA-DA62-4C56-8BBE-C385B3A1790E}"
EndProject
Project("{2150E333-8FDC-42A3-9474-1A3956D46DE8}") = "Tests", "Tests", "{A8C93CB8-1F31-4EE4-A83A-0B9992F8490D}"
EndProject
Project("{2150E333-8FDC-42A3-9474-1A3956D46DE8}") = "Core", "Core", "{3CE7FB1B-A8D8-4259-9B1F-D61BDACDE98C}"
EndProject
Project("{9A19103F-16F7-4668-BE54-9A1E7A4F7556}") = "Eshava.Test.Core", "Eshava.Test.Core\Eshava.Test.Core.csproj", "{655156EA-DD38-40B3-BF0D-03DC3F3E81D7}"
EndProject
Project("{9A19103F-16F7-4668-BE54-9A1E7A4F7556}") = "Eshava.Test.Core.Communication", "Eshava.Test.Core.Communication\Eshava.Test.Core.Communication.csproj", "{3F135A04-1464-4B73-864B-C598DDA44DB8}"
EndProject
Project("{9A19103F-16F7-4668-BE54-9A1E7A4F7556}") = "Eshava.Test.Core.IO", "Eshava.Test.Core.IO\Eshava.Test.Core.IO.csproj", "{08C25B83-90D6-46AF-8C63-48B06D87E8E7}"
EndProject
Project("{9A19103F-16F7-4668-BE54-9A1E7A4F7556}") = "Eshava.Test.Core.Linq", "Eshava.Test.Core.Linq\Eshava.Test.Core.Linq.csproj", "{7E634BD6-3BBE-44CB-A889-8D3F7678848F}"
EndProject
Project("{9A19103F-16F7-4668-BE54-9A1E7A4F7556}") = "Eshava.Test.Core.Security", "Eshava.Test.Core.Security\Eshava.Test.Core.Security.csproj", "{1CA82462-7744-495E-837B-1A96C92B3D66}"
EndProject
Project("{9A19103F-16F7-4668-BE54-9A1E7A4F7556}") = "Eshava.Test.Core.Validation", "Eshava.Test.Core.Validation\Eshava.Test.Core.Validation.csproj", "{02F116A7-3850-4022-92FE-B4066EDE537C}"
EndProject
Project("{9A19103F-16F7-4668-BE54-9A1E7A4F7556}") = "Eshava.Core.Logging", "Eshava.Core.Logging\Eshava.Core.Logging.csproj", "{D9F73115-4D30-4F3A-96AB-FDC4B18541BC}"
EndProject
Project("{9A19103F-16F7-4668-BE54-9A1E7A4F7556}") = "Eshava.Test.Core.Logging", "Eshava.Test.Core.Logging\Eshava.Test.Core.Logging.csproj", "{46DECA98-6715-4D15-A573-D48FB47C0041}"
EndProject
Project("{9A19103F-16F7-4668-BE54-9A1E7A4F7556}") = "Eshava.Core.Dynamic.Fields", "Eshava.Core.Dynamic.Fields\Eshava.Core.Dynamic.Fields.csproj", "{3919B4EF-2FDF-4F4F-9ECA-9EC0BECE195F}"
EndProject
Project("{9A19103F-16F7-4668-BE54-9A1E7A4F7556}") = "Eshava.Core.Dynamic.Fields.Validation", "Eshava.Core.Dynamic.Fields.Validation\Eshava.Core.Dynamic.Fields.Validation.csproj", "{20DE1B39-45BB-4C82-8E49-BE5309A40D50}"
EndProject
Project("{9A19103F-16F7-4668-BE54-9A1E7A4F7556}") = "Eshava.Test.Core.Dynamic.Fields.Validation", "Eshava.Test.Core.Dynamic.Fields.Validation\Eshava.Test.Core.Dynamic.Fields.Validation.csproj", "{8104DA09-6EE9-4327-BEFD-D57E1A6A0283}"
EndProject
Project("{9A19103F-16F7-4668-BE54-9A1E7A4F7556}") = "Eshava.Core.Storage", "Eshava.Core.Storage\Eshava.Core.Storage.csproj", "{52211596-9F89-43C7-BA06-5201E9939179}"
EndProject
Project("{9A19103F-16F7-4668-BE54-9A1E7A4F7556}") = "Eshava.Core.Storage.Sql", "Eshava.Core.Storage.Sql\Eshava.Core.Storage.Sql.csproj", "{D75A0C3F-B02E-422F-B0FF-D5A232DBB635}"
EndProject
Project("{2150E333-8FDC-42A3-9474-1A3956D46DE8}") = "Solution Items", "Solution Items", "{F8134946-B770-4844-80CC-CA62FFB956D1}"
	ProjectSection(SolutionItems) = preProject
		.editorconfig = .editorconfig
		LICENSE.txt = LICENSE.txt
		README.md = README.md
	EndProjectSection
EndProject
Global
	GlobalSection(SolutionConfigurationPlatforms) = preSolution
		Debug|Any CPU = Debug|Any CPU
		Release|Any CPU = Release|Any CPU
	EndGlobalSection
	GlobalSection(ProjectConfigurationPlatforms) = postSolution
		{CF242659-86E2-479E-B1F0-6F34D1FBE86F}.Debug|Any CPU.ActiveCfg = Debug|Any CPU
		{CF242659-86E2-479E-B1F0-6F34D1FBE86F}.Debug|Any CPU.Build.0 = Debug|Any CPU
		{CF242659-86E2-479E-B1F0-6F34D1FBE86F}.Release|Any CPU.ActiveCfg = Release|Any CPU
		{CF242659-86E2-479E-B1F0-6F34D1FBE86F}.Release|Any CPU.Build.0 = Release|Any CPU
		{354D32B8-16C2-44B7-A8F8-9B53B51E38CD}.Debug|Any CPU.ActiveCfg = Debug|Any CPU
		{354D32B8-16C2-44B7-A8F8-9B53B51E38CD}.Debug|Any CPU.Build.0 = Debug|Any CPU
		{354D32B8-16C2-44B7-A8F8-9B53B51E38CD}.Release|Any CPU.ActiveCfg = Release|Any CPU
		{354D32B8-16C2-44B7-A8F8-9B53B51E38CD}.Release|Any CPU.Build.0 = Release|Any CPU
		{53FBC40D-200E-401A-BA37-265292B77CAC}.Debug|Any CPU.ActiveCfg = Debug|Any CPU
		{53FBC40D-200E-401A-BA37-265292B77CAC}.Debug|Any CPU.Build.0 = Debug|Any CPU
		{53FBC40D-200E-401A-BA37-265292B77CAC}.Release|Any CPU.ActiveCfg = Release|Any CPU
		{53FBC40D-200E-401A-BA37-265292B77CAC}.Release|Any CPU.Build.0 = Release|Any CPU
		{F0827D6F-4C5D-4506-9ECF-337990F51056}.Debug|Any CPU.ActiveCfg = Debug|Any CPU
		{F0827D6F-4C5D-4506-9ECF-337990F51056}.Debug|Any CPU.Build.0 = Debug|Any CPU
		{F0827D6F-4C5D-4506-9ECF-337990F51056}.Release|Any CPU.ActiveCfg = Release|Any CPU
		{F0827D6F-4C5D-4506-9ECF-337990F51056}.Release|Any CPU.Build.0 = Release|Any CPU
		{43EF304A-654E-406C-895F-29560C1B9F12}.Debug|Any CPU.ActiveCfg = Debug|Any CPU
		{43EF304A-654E-406C-895F-29560C1B9F12}.Debug|Any CPU.Build.0 = Debug|Any CPU
		{43EF304A-654E-406C-895F-29560C1B9F12}.Release|Any CPU.ActiveCfg = Release|Any CPU
		{43EF304A-654E-406C-895F-29560C1B9F12}.Release|Any CPU.Build.0 = Release|Any CPU
		{4BFC7BEA-DA62-4C56-8BBE-C385B3A1790E}.Debug|Any CPU.ActiveCfg = Debug|Any CPU
		{4BFC7BEA-DA62-4C56-8BBE-C385B3A1790E}.Debug|Any CPU.Build.0 = Debug|Any CPU
		{4BFC7BEA-DA62-4C56-8BBE-C385B3A1790E}.Release|Any CPU.ActiveCfg = Release|Any CPU
		{4BFC7BEA-DA62-4C56-8BBE-C385B3A1790E}.Release|Any CPU.Build.0 = Release|Any CPU
		{655156EA-DD38-40B3-BF0D-03DC3F3E81D7}.Debug|Any CPU.ActiveCfg = Debug|Any CPU
		{655156EA-DD38-40B3-BF0D-03DC3F3E81D7}.Debug|Any CPU.Build.0 = Debug|Any CPU
		{655156EA-DD38-40B3-BF0D-03DC3F3E81D7}.Release|Any CPU.ActiveCfg = Release|Any CPU
		{655156EA-DD38-40B3-BF0D-03DC3F3E81D7}.Release|Any CPU.Build.0 = Release|Any CPU
		{3F135A04-1464-4B73-864B-C598DDA44DB8}.Debug|Any CPU.ActiveCfg = Debug|Any CPU
		{3F135A04-1464-4B73-864B-C598DDA44DB8}.Debug|Any CPU.Build.0 = Debug|Any CPU
		{3F135A04-1464-4B73-864B-C598DDA44DB8}.Release|Any CPU.ActiveCfg = Release|Any CPU
		{3F135A04-1464-4B73-864B-C598DDA44DB8}.Release|Any CPU.Build.0 = Release|Any CPU
		{08C25B83-90D6-46AF-8C63-48B06D87E8E7}.Debug|Any CPU.ActiveCfg = Debug|Any CPU
		{08C25B83-90D6-46AF-8C63-48B06D87E8E7}.Debug|Any CPU.Build.0 = Debug|Any CPU
		{08C25B83-90D6-46AF-8C63-48B06D87E8E7}.Release|Any CPU.ActiveCfg = Release|Any CPU
		{08C25B83-90D6-46AF-8C63-48B06D87E8E7}.Release|Any CPU.Build.0 = Release|Any CPU
		{7E634BD6-3BBE-44CB-A889-8D3F7678848F}.Debug|Any CPU.ActiveCfg = Debug|Any CPU
		{7E634BD6-3BBE-44CB-A889-8D3F7678848F}.Debug|Any CPU.Build.0 = Debug|Any CPU
		{7E634BD6-3BBE-44CB-A889-8D3F7678848F}.Release|Any CPU.ActiveCfg = Release|Any CPU
		{7E634BD6-3BBE-44CB-A889-8D3F7678848F}.Release|Any CPU.Build.0 = Release|Any CPU
		{1CA82462-7744-495E-837B-1A96C92B3D66}.Debug|Any CPU.ActiveCfg = Debug|Any CPU
		{1CA82462-7744-495E-837B-1A96C92B3D66}.Debug|Any CPU.Build.0 = Debug|Any CPU
		{1CA82462-7744-495E-837B-1A96C92B3D66}.Release|Any CPU.ActiveCfg = Release|Any CPU
		{1CA82462-7744-495E-837B-1A96C92B3D66}.Release|Any CPU.Build.0 = Release|Any CPU
		{02F116A7-3850-4022-92FE-B4066EDE537C}.Debug|Any CPU.ActiveCfg = Debug|Any CPU
		{02F116A7-3850-4022-92FE-B4066EDE537C}.Debug|Any CPU.Build.0 = Debug|Any CPU
		{02F116A7-3850-4022-92FE-B4066EDE537C}.Release|Any CPU.ActiveCfg = Release|Any CPU
		{02F116A7-3850-4022-92FE-B4066EDE537C}.Release|Any CPU.Build.0 = Release|Any CPU
		{D9F73115-4D30-4F3A-96AB-FDC4B18541BC}.Debug|Any CPU.ActiveCfg = Debug|Any CPU
		{D9F73115-4D30-4F3A-96AB-FDC4B18541BC}.Debug|Any CPU.Build.0 = Debug|Any CPU
		{D9F73115-4D30-4F3A-96AB-FDC4B18541BC}.Release|Any CPU.ActiveCfg = Release|Any CPU
		{D9F73115-4D30-4F3A-96AB-FDC4B18541BC}.Release|Any CPU.Build.0 = Release|Any CPU
		{46DECA98-6715-4D15-A573-D48FB47C0041}.Debug|Any CPU.ActiveCfg = Debug|Any CPU
		{46DECA98-6715-4D15-A573-D48FB47C0041}.Debug|Any CPU.Build.0 = Debug|Any CPU
		{46DECA98-6715-4D15-A573-D48FB47C0041}.Release|Any CPU.ActiveCfg = Release|Any CPU
		{46DECA98-6715-4D15-A573-D48FB47C0041}.Release|Any CPU.Build.0 = Release|Any CPU
		{3919B4EF-2FDF-4F4F-9ECA-9EC0BECE195F}.Debug|Any CPU.ActiveCfg = Debug|Any CPU
		{3919B4EF-2FDF-4F4F-9ECA-9EC0BECE195F}.Debug|Any CPU.Build.0 = Debug|Any CPU
		{3919B4EF-2FDF-4F4F-9ECA-9EC0BECE195F}.Release|Any CPU.ActiveCfg = Release|Any CPU
		{3919B4EF-2FDF-4F4F-9ECA-9EC0BECE195F}.Release|Any CPU.Build.0 = Release|Any CPU
		{20DE1B39-45BB-4C82-8E49-BE5309A40D50}.Debug|Any CPU.ActiveCfg = Debug|Any CPU
		{20DE1B39-45BB-4C82-8E49-BE5309A40D50}.Debug|Any CPU.Build.0 = Debug|Any CPU
		{20DE1B39-45BB-4C82-8E49-BE5309A40D50}.Release|Any CPU.ActiveCfg = Release|Any CPU
		{20DE1B39-45BB-4C82-8E49-BE5309A40D50}.Release|Any CPU.Build.0 = Release|Any CPU
		{8104DA09-6EE9-4327-BEFD-D57E1A6A0283}.Debug|Any CPU.ActiveCfg = Debug|Any CPU
		{8104DA09-6EE9-4327-BEFD-D57E1A6A0283}.Debug|Any CPU.Build.0 = Debug|Any CPU
		{8104DA09-6EE9-4327-BEFD-D57E1A6A0283}.Release|Any CPU.ActiveCfg = Release|Any CPU
		{8104DA09-6EE9-4327-BEFD-D57E1A6A0283}.Release|Any CPU.Build.0 = Release|Any CPU
		{52211596-9F89-43C7-BA06-5201E9939179}.Debug|Any CPU.ActiveCfg = Debug|Any CPU
		{52211596-9F89-43C7-BA06-5201E9939179}.Debug|Any CPU.Build.0 = Debug|Any CPU
		{52211596-9F89-43C7-BA06-5201E9939179}.Release|Any CPU.ActiveCfg = Release|Any CPU
		{52211596-9F89-43C7-BA06-5201E9939179}.Release|Any CPU.Build.0 = Release|Any CPU
		{D75A0C3F-B02E-422F-B0FF-D5A232DBB635}.Debug|Any CPU.ActiveCfg = Debug|Any CPU
		{D75A0C3F-B02E-422F-B0FF-D5A232DBB635}.Debug|Any CPU.Build.0 = Debug|Any CPU
		{D75A0C3F-B02E-422F-B0FF-D5A232DBB635}.Release|Any CPU.ActiveCfg = Release|Any CPU
		{D75A0C3F-B02E-422F-B0FF-D5A232DBB635}.Release|Any CPU.Build.0 = Release|Any CPU
	EndGlobalSection
	GlobalSection(SolutionProperties) = preSolution
		HideSolutionNode = FALSE
	EndGlobalSection
	GlobalSection(NestedProjects) = preSolution
		{CF242659-86E2-479E-B1F0-6F34D1FBE86F} = {3CE7FB1B-A8D8-4259-9B1F-D61BDACDE98C}
		{354D32B8-16C2-44B7-A8F8-9B53B51E38CD} = {3CE7FB1B-A8D8-4259-9B1F-D61BDACDE98C}
		{53FBC40D-200E-401A-BA37-265292B77CAC} = {3CE7FB1B-A8D8-4259-9B1F-D61BDACDE98C}
		{F0827D6F-4C5D-4506-9ECF-337990F51056} = {3CE7FB1B-A8D8-4259-9B1F-D61BDACDE98C}
		{43EF304A-654E-406C-895F-29560C1B9F12} = {3CE7FB1B-A8D8-4259-9B1F-D61BDACDE98C}
		{4BFC7BEA-DA62-4C56-8BBE-C385B3A1790E} = {3CE7FB1B-A8D8-4259-9B1F-D61BDACDE98C}
		{655156EA-DD38-40B3-BF0D-03DC3F3E81D7} = {A8C93CB8-1F31-4EE4-A83A-0B9992F8490D}
		{3F135A04-1464-4B73-864B-C598DDA44DB8} = {A8C93CB8-1F31-4EE4-A83A-0B9992F8490D}
		{08C25B83-90D6-46AF-8C63-48B06D87E8E7} = {A8C93CB8-1F31-4EE4-A83A-0B9992F8490D}
		{7E634BD6-3BBE-44CB-A889-8D3F7678848F} = {A8C93CB8-1F31-4EE4-A83A-0B9992F8490D}
		{1CA82462-7744-495E-837B-1A96C92B3D66} = {A8C93CB8-1F31-4EE4-A83A-0B9992F8490D}
		{02F116A7-3850-4022-92FE-B4066EDE537C} = {A8C93CB8-1F31-4EE4-A83A-0B9992F8490D}
		{D9F73115-4D30-4F3A-96AB-FDC4B18541BC} = {3CE7FB1B-A8D8-4259-9B1F-D61BDACDE98C}
		{46DECA98-6715-4D15-A573-D48FB47C0041} = {A8C93CB8-1F31-4EE4-A83A-0B9992F8490D}
		{3919B4EF-2FDF-4F4F-9ECA-9EC0BECE195F} = {3CE7FB1B-A8D8-4259-9B1F-D61BDACDE98C}
		{20DE1B39-45BB-4C82-8E49-BE5309A40D50} = {3CE7FB1B-A8D8-4259-9B1F-D61BDACDE98C}
		{8104DA09-6EE9-4327-BEFD-D57E1A6A0283} = {A8C93CB8-1F31-4EE4-A83A-0B9992F8490D}
		{52211596-9F89-43C7-BA06-5201E9939179} = {3CE7FB1B-A8D8-4259-9B1F-D61BDACDE98C}
		{D75A0C3F-B02E-422F-B0FF-D5A232DBB635} = {3CE7FB1B-A8D8-4259-9B1F-D61BDACDE98C}
	EndGlobalSection
	GlobalSection(ExtensibilityGlobals) = postSolution
		SolutionGuid = {F19A2579-903E-46D0-97F2-41BA2A7B9A37}
	EndGlobalSection
EndGlobal
